
Microsoft Visual Studio Solution File, Format Version 11.00
# Visual Studio 2010
# SharpDevelop 5.1
Project("{FAE04EC0-301F-11D3-BF4B-00C04F79EFBC}") = "j)", "j)\j).csproj", "{162D8B43-97F3-494F-A07D-2DF0A56DCC41}"
EndProject
Global
	GlobalSection(SolutionConfigurationPlatforms) = preSolution
		Debug|Any CPU = Debug|Any CPU
		Release|Any CPU = Release|Any CPU
	EndGlobalSection
	GlobalSection(ProjectConfigurationPlatforms) = postSolution
		{162D8B43-97F3-494F-A07D-2DF0A56DCC41}.Debug|Any CPU.ActiveCfg = Debug|Any CPU
		{162D8B43-97F3-494F-A07D-2DF0A56DCC41}.Debug|Any CPU.Build.0 = Debug|Any CPU
		{162D8B43-97F3-494F-A07D-2DF0A56DCC41}.Release|Any CPU.ActiveCfg = Release|Any CPU
		{162D8B43-97F3-494F-A07D-2DF0A56DCC41}.Release|Any CPU.Build.0 = Release|Any CPU
	EndGlobalSection
EndGlobal
