
Microsoft Visual Studio Solution File, Format Version 11.00
# Visual Studio 2010
# SharpDevelop 5.1
Project("{FAE04EC0-301F-11D3-BF4B-00C04F79EFBC}") = "a)", "a)\a).csproj", "{4ACC6971-F5F6-4A42-B417-B28780FE4756}"
EndProject
Global
	GlobalSection(SolutionConfigurationPlatforms) = preSolution
		Debug|Any CPU = Debug|Any CPU
		Release|Any CPU = Release|Any CPU
	EndGlobalSection
	GlobalSection(ProjectConfigurationPlatforms) = postSolution
		{4ACC6971-F5F6-4A42-B417-B28780FE4756}.Debug|Any CPU.ActiveCfg = Debug|Any CPU
		{4ACC6971-F5F6-4A42-B417-B28780FE4756}.Debug|Any CPU.Build.0 = Debug|Any CPU
		{4ACC6971-F5F6-4A42-B417-B28780FE4756}.Release|Any CPU.ActiveCfg = Release|Any CPU
		{4ACC6971-F5F6-4A42-B417-B28780FE4756}.Release|Any CPU.Build.0 = Release|Any CPU
	EndGlobalSection
EndGlobal
